
Microsoft Visual Studio Solution File, Format Version 12.00
# Visual Studio 15
VisualStudioVersion = 15.0.26124.0
MinimumVisualStudioVersion = 15.0.26124.0
Project("{FAE04EC0-301F-11D3-BF4B-00C04F79EFBC}") = "A4A.Data", "A4A.Data\A4A.Data.csproj", "{E6A3768F-1B36-4716-9FC9-601C48D948F0}"
EndProject
Project("{FAE04EC0-301F-11D3-BF4B-00C04F79EFBC}") = "A4A.Service", "A4A.Service\A4A.Service.csproj", "{A56AA7DF-5A24-4E40-B063-3CBE1B1CE9C1}"
EndProject
Global
	GlobalSection(SolutionConfigurationPlatforms) = preSolution
		Debug|Any CPU = Debug|Any CPU
		Debug|x64 = Debug|x64
		Debug|x86 = Debug|x86
		Release|Any CPU = Release|Any CPU
		Release|x64 = Release|x64
		Release|x86 = Release|x86
	EndGlobalSection
	GlobalSection(SolutionProperties) = preSolution
		HideSolutionNode = FALSE
	EndGlobalSection
	GlobalSection(ProjectConfigurationPlatforms) = postSolution
		{E6A3768F-1B36-4716-9FC9-601C48D948F0}.Debug|Any CPU.ActiveCfg = Debug|Any CPU
		{E6A3768F-1B36-4716-9FC9-601C48D948F0}.Debug|Any CPU.Build.0 = Debug|Any CPU
		{E6A3768F-1B36-4716-9FC9-601C48D948F0}.Debug|x64.ActiveCfg = Debug|Any CPU
		{E6A3768F-1B36-4716-9FC9-601C48D948F0}.Debug|x64.Build.0 = Debug|Any CPU
		{E6A3768F-1B36-4716-9FC9-601C48D948F0}.Debug|x86.ActiveCfg = Debug|Any CPU
		{E6A3768F-1B36-4716-9FC9-601C48D948F0}.Debug|x86.Build.0 = Debug|Any CPU
		{E6A3768F-1B36-4716-9FC9-601C48D948F0}.Release|Any CPU.ActiveCfg = Release|Any CPU
		{E6A3768F-1B36-4716-9FC9-601C48D948F0}.Release|Any CPU.Build.0 = Release|Any CPU
		{E6A3768F-1B36-4716-9FC9-601C48D948F0}.Release|x64.ActiveCfg = Release|Any CPU
		{E6A3768F-1B36-4716-9FC9-601C48D948F0}.Release|x64.Build.0 = Release|Any CPU
		{E6A3768F-1B36-4716-9FC9-601C48D948F0}.Release|x86.ActiveCfg = Release|Any CPU
		{E6A3768F-1B36-4716-9FC9-601C48D948F0}.Release|x86.Build.0 = Release|Any CPU
		{A56AA7DF-5A24-4E40-B063-3CBE1B1CE9C1}.Debug|Any CPU.ActiveCfg = Debug|Any CPU
		{A56AA7DF-5A24-4E40-B063-3CBE1B1CE9C1}.Debug|Any CPU.Build.0 = Debug|Any CPU
		{A56AA7DF-5A24-4E40-B063-3CBE1B1CE9C1}.Debug|x64.ActiveCfg = Debug|Any CPU
		{A56AA7DF-5A24-4E40-B063-3CBE1B1CE9C1}.Debug|x64.Build.0 = Debug|Any CPU
		{A56AA7DF-5A24-4E40-B063-3CBE1B1CE9C1}.Debug|x86.ActiveCfg = Debug|Any CPU
		{A56AA7DF-5A24-4E40-B063-3CBE1B1CE9C1}.Debug|x86.Build.0 = Debug|Any CPU
		{A56AA7DF-5A24-4E40-B063-3CBE1B1CE9C1}.Release|Any CPU.ActiveCfg = Release|Any CPU
		{A56AA7DF-5A24-4E40-B063-3CBE1B1CE9C1}.Release|Any CPU.Build.0 = Release|Any CPU
		{A56AA7DF-5A24-4E40-B063-3CBE1B1CE9C1}.Release|x64.ActiveCfg = Release|Any CPU
		{A56AA7DF-5A24-4E40-B063-3CBE1B1CE9C1}.Release|x64.Build.0 = Release|Any CPU
		{A56AA7DF-5A24-4E40-B063-3CBE1B1CE9C1}.Release|x86.ActiveCfg = Release|Any CPU
		{A56AA7DF-5A24-4E40-B063-3CBE1B1CE9C1}.Release|x86.Build.0 = Release|Any CPU
	EndGlobalSection
EndGlobal
